// !$*UTF8*$!
{
	archiveVersion = 1;
	classes = {
	};
	objectVersion = 55;
	objects = {

/* Begin PBXBuildFile section */
		50D54F3B27A217940001FB82 /* Tests_iOS.swift in Sources */ = {isa = PBXBuildFile; fileRef = 50D54F3A27A217940001FB82 /* Tests_iOS.swift */; };
		50D54F3D27A217940001FB82 /* Tests_iOSLaunchTests.swift in Sources */ = {isa = PBXBuildFile; fileRef = 50D54F3C27A217940001FB82 /* Tests_iOSLaunchTests.swift */; };
		50D54F4727A217940001FB82 /* Tests_macOS.swift in Sources */ = {isa = PBXBuildFile; fileRef = 50D54F4627A217940001FB82 /* Tests_macOS.swift */; };
		50D54F4927A217940001FB82 /* Tests_macOSLaunchTests.swift in Sources */ = {isa = PBXBuildFile; fileRef = 50D54F4827A217940001FB82 /* Tests_macOSLaunchTests.swift */; };
		50D54F4A27A217940001FB82 /* FirstRepoApp.swift in Sources */ = {isa = PBXBuildFile; fileRef = 50D54F2227A217940001FB82 /* FirstRepoApp.swift */; };
		50D54F4B27A217940001FB82 /* FirstRepoApp.swift in Sources */ = {isa = PBXBuildFile; fileRef = 50D54F2227A217940001FB82 /* FirstRepoApp.swift */; };
		50D54F4C27A217940001FB82 /* ContentView.swift in Sources */ = {isa = PBXBuildFile; fileRef = 50D54F2327A217940001FB82 /* ContentView.swift */; };
		50D54F4D27A217940001FB82 /* ContentView.swift in Sources */ = {isa = PBXBuildFile; fileRef = 50D54F2327A217940001FB82 /* ContentView.swift */; };
		50D54F4E27A217940001FB82 /* Assets.xcassets in Resources */ = {isa = PBXBuildFile; fileRef = 50D54F2427A217940001FB82 /* Assets.xcassets */; };
		50D54F4F27A217940001FB82 /* Assets.xcassets in Resources */ = {isa = PBXBuildFile; fileRef = 50D54F2427A217940001FB82 /* Assets.xcassets */; };
/* End PBXBuildFile section */

/* Begin PBXContainerItemProxy section */
		50D54F3727A217940001FB82 /* PBXContainerItemProxy */ = {
			isa = PBXContainerItemProxy;
			containerPortal = 50D54F1D27A217940001FB82 /* Project object */;
			proxyType = 1;
			remoteGlobalIDString = 50D54F2827A217940001FB82;
			remoteInfo = "FirstRepo (iOS)";
		};
		50D54F4327A217940001FB82 /* PBXContainerItemProxy */ = {
			isa = PBXContainerItemProxy;
			containerPortal = 50D54F1D27A217940001FB82 /* Project object */;
			proxyType = 1;
			remoteGlobalIDString = 50D54F2E27A217940001FB82;
			remoteInfo = "FirstRepo (macOS)";
		};
/* End PBXContainerItemProxy section */

/* Begin PBXFileReference section */
		50D54F2227A217940001FB82 /* FirstRepoApp.swift */ = {isa = PBXFileReference; lastKnownFileType = sourcecode.swift; path = FirstRepoApp.swift; sourceTree = "<group>"; };
		50D54F2327A217940001FB82 /* ContentView.swift */ = {isa = PBXFileReference; lastKnownFileType = sourcecode.swift; path = ContentView.swift; sourceTree = "<group>"; };
		50D54F2427A217940001FB82 /* Assets.xcassets */ = {isa = PBXFileReference; lastKnownFileType = folder.assetcatalog; path = Assets.xcassets; sourceTree = "<group>"; };
		50D54F2927A217940001FB82 /* FirstRepo.app */ = {isa = PBXFileReference; explicitFileType = wrapper.application; includeInIndex = 0; path = FirstRepo.app; sourceTree = BUILT_PRODUCTS_DIR; };
		50D54F2F27A217940001FB82 /* FirstRepo.app */ = {isa = PBXFileReference; explicitFileType = wrapper.application; includeInIndex = 0; path = FirstRepo.app; sourceTree = BUILT_PRODUCTS_DIR; };
		50D54F3127A217940001FB82 /* macOS.entitlements */ = {isa = PBXFileReference; lastKnownFileType = text.plist.entitlements; path = macOS.entitlements; sourceTree = "<group>"; };
		50D54F3627A217940001FB82 /* Tests iOS.xctest */ = {isa = PBXFileReference; explicitFileType = wrapper.cfbundle; includeInIndex = 0; path = "Tests iOS.xctest"; sourceTree = BUILT_PRODUCTS_DIR; };
		50D54F3A27A217940001FB82 /* Tests_iOS.swift */ = {isa = PBXFileReference; lastKnownFileType = sourcecode.swift; path = Tests_iOS.swift; sourceTree = "<group>"; };
		50D54F3C27A217940001FB82 /* Tests_iOSLaunchTests.swift */ = {isa = PBXFileReference; lastKnownFileType = sourcecode.swift; path = Tests_iOSLaunchTests.swift; sourceTree = "<group>"; };
		50D54F4227A217940001FB82 /* Tests macOS.xctest */ = {isa = PBXFileReference; explicitFileType = wrapper.cfbundle; includeInIndex = 0; path = "Tests macOS.xctest"; sourceTree = BUILT_PRODUCTS_DIR; };
		50D54F4627A217940001FB82 /* Tests_macOS.swift */ = {isa = PBXFileReference; lastKnownFileType = sourcecode.swift; path = Tests_macOS.swift; sourceTree = "<group>"; };
		50D54F4827A217940001FB82 /* Tests_macOSLaunchTests.swift */ = {isa = PBXFileReference; lastKnownFileType = sourcecode.swift; path = Tests_macOSLaunchTests.swift; sourceTree = "<group>"; };
/* End PBXFileReference section */

/* Begin PBXFrameworksBuildPhase section */
		50D54F2627A217940001FB82 /* Frameworks */ = {
			isa = PBXFrameworksBuildPhase;
			buildActionMask = 2147483647;
			files = (
			);
			runOnlyForDeploymentPostprocessing = 0;
		};
		50D54F2C27A217940001FB82 /* Frameworks */ = {
			isa = PBXFrameworksBuildPhase;
			buildActionMask = 2147483647;
			files = (
			);
			runOnlyForDeploymentPostprocessing = 0;
		};
		50D54F3327A217940001FB82 /* Frameworks */ = {
			isa = PBXFrameworksBuildPhase;
			buildActionMask = 2147483647;
			files = (
			);
			runOnlyForDeploymentPostprocessing = 0;
		};
		50D54F3F27A217940001FB82 /* Frameworks */ = {
			isa = PBXFrameworksBuildPhase;
			buildActionMask = 2147483647;
			files = (
			);
			runOnlyForDeploymentPostprocessing = 0;
		};
/* End PBXFrameworksBuildPhase section */

/* Begin PBXGroup section */
		50D54F1C27A217940001FB82 = {
			isa = PBXGroup;
			children = (
				50D54F2127A217940001FB82 /* Shared */,
				50D54F3027A217940001FB82 /* macOS */,
				50D54F3927A217940001FB82 /* Tests iOS */,
				50D54F4527A217940001FB82 /* Tests macOS */,
				50D54F2A27A217940001FB82 /* Products */,
			);
			sourceTree = "<group>";
		};
		50D54F2127A217940001FB82 /* Shared */ = {
			isa = PBXGroup;
			children = (
				50D54F2227A217940001FB82 /* FirstRepoApp.swift */,
				50D54F2327A217940001FB82 /* ContentView.swift */,
				50D54F2427A217940001FB82 /* Assets.xcassets */,
			);
			path = Shared;
			sourceTree = "<group>";
		};
		50D54F2A27A217940001FB82 /* Products */ = {
			isa = PBXGroup;
			children = (
				50D54F2927A217940001FB82 /* FirstRepo.app */,
				50D54F2F27A217940001FB82 /* FirstRepo.app */,
				50D54F3627A217940001FB82 /* Tests iOS.xctest */,
				50D54F4227A217940001FB82 /* Tests macOS.xctest */,
			);
			name = Products;
			sourceTree = "<group>";
		};
		50D54F3027A217940001FB82 /* macOS */ = {
			isa = PBXGroup;
			children = (
				50D54F3127A217940001FB82 /* macOS.entitlements */,
			);
			path = macOS;
			sourceTree = "<group>";
		};
		50D54F3927A217940001FB82 /* Tests iOS */ = {
			isa = PBXGroup;
			children = (
				50D54F3A27A217940001FB82 /* Tests_iOS.swift */,
				50D54F3C27A217940001FB82 /* Tests_iOSLaunchTests.swift */,
			);
			path = "Tests iOS";
			sourceTree = "<group>";
		};
		50D54F4527A217940001FB82 /* Tests macOS */ = {
			isa = PBXGroup;
			children = (
				50D54F4627A217940001FB82 /* Tests_macOS.swift */,
				50D54F4827A217940001FB82 /* Tests_macOSLaunchTests.swift */,
			);
			path = "Tests macOS";
			sourceTree = "<group>";
		};
/* End PBXGroup section */

/* Begin PBXNativeTarget section */
		50D54F2827A217940001FB82 /* FirstRepo (iOS) */ = {
			isa = PBXNativeTarget;
			buildConfigurationList = 50D54F5227A217940001FB82 /* Build configuration list for PBXNativeTarget "FirstRepo (iOS)" */;
			buildPhases = (
				50D54F2527A217940001FB82 /* Sources */,
				50D54F2627A217940001FB82 /* Frameworks */,
				50D54F2727A217940001FB82 /* Resources */,
			);
			buildRules = (
			);
			dependencies = (
			);
			name = "FirstRepo (iOS)";
			productName = "FirstRepo (iOS)";
			productReference = 50D54F2927A217940001FB82 /* FirstRepo.app */;
			productType = "com.apple.product-type.application";
		};
		50D54F2E27A217940001FB82 /* FirstRepo (macOS) */ = {
			isa = PBXNativeTarget;
			buildConfigurationList = 50D54F5527A217940001FB82 /* Build configuration list for PBXNativeTarget "FirstRepo (macOS)" */;
			buildPhases = (
				50D54F2B27A217940001FB82 /* Sources */,
				50D54F2C27A217940001FB82 /* Frameworks */,
				50D54F2D27A217940001FB82 /* Resources */,
			);
			buildRules = (
			);
			dependencies = (
			);
			name = "FirstRepo (macOS)";
			productName = "FirstRepo (macOS)";
			productReference = 50D54F2F27A217940001FB82 /* FirstRepo.app */;
			productType = "com.apple.product-type.application";
		};
		50D54F3527A217940001FB82 /* Tests iOS */ = {
			isa = PBXNativeTarget;
			buildConfigurationList = 50D54F5827A217940001FB82 /* Build configuration list for PBXNativeTarget "Tests iOS" */;
			buildPhases = (
				50D54F3227A217940001FB82 /* Sources */,
				50D54F3327A217940001FB82 /* Frameworks */,
				50D54F3427A217940001FB82 /* Resources */,
			);
			buildRules = (
			);
			dependencies = (
				50D54F3827A217940001FB82 /* PBXTargetDependency */,
			);
			name = "Tests iOS";
			productName = "Tests iOS";
			productReference = 50D54F3627A217940001FB82 /* Tests iOS.xctest */;
			productType = "com.apple.product-type.bundle.ui-testing";
		};
		50D54F4127A217940001FB82 /* Tests macOS */ = {
			isa = PBXNativeTarget;
			buildConfigurationList = 50D54F5B27A217940001FB82 /* Build configuration list for PBXNativeTarget "Tests macOS" */;
			buildPhases = (
				50D54F3E27A217940001FB82 /* Sources */,
				50D54F3F27A217940001FB82 /* Frameworks */,
				50D54F4027A217940001FB82 /* Resources */,
			);
			buildRules = (
			);
			dependencies = (
				50D54F4427A217940001FB82 /* PBXTargetDependency */,
			);
			name = "Tests macOS";
			productName = "Tests macOS";
			productReference = 50D54F4227A217940001FB82 /* Tests macOS.xctest */;
			productType = "com.apple.product-type.bundle.ui-testing";
		};
/* End PBXNativeTarget section */

/* Begin PBXProject section */
		50D54F1D27A217940001FB82 /* Project object */ = {
			isa = PBXProject;
			attributes = {
				BuildIndependentTargetsInParallel = 1;
				LastSwiftUpdateCheck = 1320;
				LastUpgradeCheck = 1320;
				TargetAttributes = {
					50D54F2827A217940001FB82 = {
						CreatedOnToolsVersion = 13.2.1;
					};
					50D54F2E27A217940001FB82 = {
						CreatedOnToolsVersion = 13.2.1;
					};
					50D54F3527A217940001FB82 = {
						CreatedOnToolsVersion = 13.2.1;
						TestTargetID = 50D54F2827A217940001FB82;
					};
					50D54F4127A217940001FB82 = {
						CreatedOnToolsVersion = 13.2.1;
						TestTargetID = 50D54F2E27A217940001FB82;
					};
				};
			};
			buildConfigurationList = 50D54F2027A217940001FB82 /* Build configuration list for PBXProject "FirstRepo" */;
			compatibilityVersion = "Xcode 13.0";
			developmentRegion = en;
			hasScannedForEncodings = 0;
			knownRegions = (
				en,
				Base,
			);
			mainGroup = 50D54F1C27A217940001FB82;
			productRefGroup = 50D54F2A27A217940001FB82 /* Products */;
			projectDirPath = "";
			projectRoot = "";
			targets = (
				50D54F2827A217940001FB82 /* FirstRepo (iOS) */,
				50D54F2E27A217940001FB82 /* FirstRepo (macOS) */,
				50D54F3527A217940001FB82 /* Tests iOS */,
				50D54F4127A217940001FB82 /* Tests macOS */,
			);
		};
/* End PBXProject section */

/* Begin PBXResourcesBuildPhase section */
		50D54F2727A217940001FB82 /* Resources */ = {
			isa = PBXResourcesBuildPhase;
			buildActionMask = 2147483647;
			files = (
				50D54F4E27A217940001FB82 /* Assets.xcassets in Resources */,
			);
			runOnlyForDeploymentPostprocessing = 0;
		};
		50D54F2D27A217940001FB82 /* Resources */ = {
			isa = PBXResourcesBuildPhase;
			buildActionMask = 2147483647;
			files = (
				50D54F4F27A217940001FB82 /* Assets.xcassets in Resources */,
			);
			runOnlyForDeploymentPostprocessing = 0;
		};
		50D54F3427A217940001FB82 /* Resources */ = {
			isa = PBXResourcesBuildPhase;
			buildActionMask = 2147483647;
			files = (
			);
			runOnlyForDeploymentPostprocessing = 0;
		};
		50D54F4027A217940001FB82 /* Resources */ = {
			isa = PBXResourcesBuildPhase;
			buildActionMask = 2147483647;
			files = (
			);
			runOnlyForDeploymentPostprocessing = 0;
		};
/* End PBXResourcesBuildPhase section */

/* Begin PBXSourcesBuildPhase section */
		50D54F2527A217940001FB82 /* Sources */ = {
			isa = PBXSourcesBuildPhase;
			buildActionMask = 2147483647;
			files = (
				50D54F4C27A217940001FB82 /* ContentView.swift in Sources */,
				50D54F4A27A217940001FB82 /* FirstRepoApp.swift in Sources */,
			);
			runOnlyForDeploymentPostprocessing = 0;
		};
		50D54F2B27A217940001FB82 /* Sources */ = {
			isa = PBXSourcesBuildPhase;
			buildActionMask = 2147483647;
			files = (
				50D54F4D27A217940001FB82 /* ContentView.swift in Sources */,
				50D54F4B27A217940001FB82 /* FirstRepoApp.swift in Sources */,
			);
			runOnlyForDeploymentPostprocessing = 0;
		};
		50D54F3227A217940001FB82 /* Sources */ = {
			isa = PBXSourcesBuildPhase;
			buildActionMask = 2147483647;
			files = (
				50D54F3D27A217940001FB82 /* Tests_iOSLaunchTests.swift in Sources */,
				50D54F3B27A217940001FB82 /* Tests_iOS.swift in Sources */,
			);
			runOnlyForDeploymentPostprocessing = 0;
		};
		50D54F3E27A217940001FB82 /* Sources */ = {
			isa = PBXSourcesBuildPhase;
			buildActionMask = 2147483647;
			files = (
				50D54F4927A217940001FB82 /* Tests_macOSLaunchTests.swift in Sources */,
				50D54F4727A217940001FB82 /* Tests_macOS.swift in Sources */,
			);
			runOnlyForDeploymentPostprocessing = 0;
		};
/* End PBXSourcesBuildPhase section */

/* Begin PBXTargetDependency section */
		50D54F3827A217940001FB82 /* PBXTargetDependency */ = {
			isa = PBXTargetDependency;
			target = 50D54F2827A217940001FB82 /* FirstRepo (iOS) */;
			targetProxy = 50D54F3727A217940001FB82 /* PBXContainerItemProxy */;
		};
		50D54F4427A217940001FB82 /* PBXTargetDependency */ = {
			isa = PBXTargetDependency;
			target = 50D54F2E27A217940001FB82 /* FirstRepo (macOS) */;
			targetProxy = 50D54F4327A217940001FB82 /* PBXContainerItemProxy */;
		};
/* End PBXTargetDependency section */

/* Begin XCBuildConfiguration section */
		50D54F5027A217940001FB82 /* Debug */ = {
			isa = XCBuildConfiguration;
			buildSettings = {
				ALWAYS_SEARCH_USER_PATHS = NO;
				CLANG_ANALYZER_NONNULL = YES;
				CLANG_ANALYZER_NUMBER_OBJECT_CONVERSION = YES_AGGRESSIVE;
				CLANG_CXX_LANGUAGE_STANDARD = "gnu++17";
				CLANG_CXX_LIBRARY = "libc++";
				CLANG_ENABLE_MODULES = YES;
				CLANG_ENABLE_OBJC_ARC = YES;
				CLANG_ENABLE_OBJC_WEAK = YES;
				CLANG_WARN_BLOCK_CAPTURE_AUTORELEASING = YES;
				CLANG_WARN_BOOL_CONVERSION = YES;
				CLANG_WARN_COMMA = YES;
				CLANG_WARN_CONSTANT_CONVERSION = YES;
				CLANG_WARN_DEPRECATED_OBJC_IMPLEMENTATIONS = YES;
				CLANG_WARN_DIRECT_OBJC_ISA_USAGE = YES_ERROR;
				CLANG_WARN_DOCUMENTATION_COMMENTS = YES;
				CLANG_WARN_EMPTY_BODY = YES;
				CLANG_WARN_ENUM_CONVERSION = YES;
				CLANG_WARN_INFINITE_RECURSION = YES;
				CLANG_WARN_INT_CONVERSION = YES;
				CLANG_WARN_NON_LITERAL_NULL_CONVERSION = YES;
				CLANG_WARN_OBJC_IMPLICIT_RETAIN_SELF = YES;
				CLANG_WARN_OBJC_LITERAL_CONVERSION = YES;
				CLANG_WARN_OBJC_ROOT_CLASS = YES_ERROR;
				CLANG_WARN_QUOTED_INCLUDE_IN_FRAMEWORK_HEADER = YES;
				CLANG_WARN_RANGE_LOOP_ANALYSIS = YES;
				CLANG_WARN_STRICT_PROTOTYPES = YES;
				CLANG_WARN_SUSPICIOUS_MOVE = YES;
				CLANG_WARN_UNGUARDED_AVAILABILITY = YES_AGGRESSIVE;
				CLANG_WARN_UNREACHABLE_CODE = YES;
				CLANG_WARN__DUPLICATE_METHOD_MATCH = YES;
				COPY_PHASE_STRIP = NO;
				DEBUG_INFORMATION_FORMAT = dwarf;
				ENABLE_STRICT_OBJC_MSGSEND = YES;
				ENABLE_TESTABILITY = YES;
				GCC_C_LANGUAGE_STANDARD = gnu11;
				GCC_DYNAMIC_NO_PIC = NO;
				GCC_NO_COMMON_BLOCKS = YES;
				GCC_OPTIMIZATION_LEVEL = 0;
				GCC_PREPROCESSOR_DEFINITIONS = (
					"DEBUG=1",
					"$(inherited)",
				);
				GCC_WARN_64_TO_32_BIT_CONVERSION = YES;
				GCC_WARN_ABOUT_RETURN_TYPE = YES_ERROR;
				GCC_WARN_UNDECLARED_SELECTOR = YES;
				GCC_WARN_UNINITIALIZED_AUTOS = YES_AGGRESSIVE;
				GCC_WARN_UNUSED_FUNCTION = YES;
				GCC_WARN_UNUSED_VARIABLE = YES;
				MTL_ENABLE_DEBUG_INFO = INCLUDE_SOURCE;
				MTL_FAST_MATH = YES;
				ONLY_ACTIVE_ARCH = YES;
				SWIFT_ACTIVE_COMPILATION_CONDITIONS = DEBUG;
				SWIFT_OPTIMIZATION_LEVEL = "-Onone";
			};
			name = Debug;
		};
		50D54F5127A217940001FB82 /* Release */ = {
			isa = XCBuildConfiguration;
			buildSettings = {
				ALWAYS_SEARCH_USER_PATHS = NO;
				CLANG_ANALYZER_NONNULL = YES;
				CLANG_ANALYZER_NUMBER_OBJECT_CONVERSION = YES_AGGRESSIVE;
				CLANG_CXX_LANGUAGE_STANDARD = "gnu++17";
				CLANG_CXX_LIBRARY = "libc++";
				CLANG_ENABLE_MODULES = YES;
				CLANG_ENABLE_OBJC_ARC = YES;
				CLANG_ENABLE_OBJC_WEAK = YES;
				CLANG_WARN_BLOCK_CAPTURE_AUTORELEASING = YES;
				CLANG_WARN_BOOL_CONVERSION = YES;
				CLANG_WARN_COMMA = YES;
				CLANG_WARN_CONSTANT_CONVERSION = YES;
				CLANG_WARN_DEPRECATED_OBJC_IMPLEMENTATIONS = YES;
				CLANG_WARN_DIRECT_OBJC_ISA_USAGE = YES_ERROR;
				CLANG_WARN_DOCUMENTATION_COMMENTS = YES;
				CLANG_WARN_EMPTY_BODY = YES;
				CLANG_WARN_ENUM_CONVERSION = YES;
				CLANG_WARN_INFINITE_RECURSION = YES;
				CLANG_WARN_INT_CONVERSION = YES;
				CLANG_WARN_NON_LITERAL_NULL_CONVERSION = YES;
				CLANG_WARN_OBJC_IMPLICIT_RETAIN_SELF = YES;
				CLANG_WARN_OBJC_LITERAL_CONVERSION = YES;
				CLANG_WARN_OBJC_ROOT_CLASS = YES_ERROR;
				CLANG_WARN_QUOTED_INCLUDE_IN_FRAMEWORK_HEADER = YES;
				CLANG_WARN_RANGE_LOOP_ANALYSIS = YES;
				CLANG_WARN_STRICT_PROTOTYPES = YES;
				CLANG_WARN_SUSPICIOUS_MOVE = YES;
				CLANG_WARN_UNGUARDED_AVAILABILITY = YES_AGGRESSIVE;
				CLANG_WARN_UNREACHABLE_CODE = YES;
				CLANG_WARN__DUPLICATE_METHOD_MATCH = YES;
				COPY_PHASE_STRIP = NO;
				DEBUG_INFORMATION_FORMAT = "dwarf-with-dsym";
				ENABLE_NS_ASSERTIONS = NO;
				ENABLE_STRICT_OBJC_MSGSEND = YES;
				GCC_C_LANGUAGE_STANDARD = gnu11;
				GCC_NO_COMMON_BLOCKS = YES;
				GCC_WARN_64_TO_32_BIT_CONVERSION = YES;
				GCC_WARN_ABOUT_RETURN_TYPE = YES_ERROR;
				GCC_WARN_UNDECLARED_SELECTOR = YES;
				GCC_WARN_UNINITIALIZED_AUTOS = YES_AGGRESSIVE;
				GCC_WARN_UNUSED_FUNCTION = YES;
				GCC_WARN_UNUSED_VARIABLE = YES;
				MTL_ENABLE_DEBUG_INFO = NO;
				MTL_FAST_MATH = YES;
				SWIFT_COMPILATION_MODE = wholemodule;
				SWIFT_OPTIMIZATION_LEVEL = "-O";
			};
			name = Release;
		};
		50D54F5327A217940001FB82 /* Debug */ = {
			isa = XCBuildConfiguration;
			buildSettings = {
				ASSETCATALOG_COMPILER_APPICON_NAME = AppIcon;
				ASSETCATALOG_COMPILER_GLOBAL_ACCENT_COLOR_NAME = AccentColor;
				CODE_SIGN_STYLE = Automatic;
				CURRENT_PROJECT_VERSION = 1;
				DEVELOPMENT_TEAM = MCVQ5TY7KR;
				ENABLE_PREVIEWS = YES;
				GENERATE_INFOPLIST_FILE = YES;
				INFOPLIST_KEY_UIApplicationSceneManifest_Generation = YES;
				INFOPLIST_KEY_UIApplicationSupportsIndirectInputEvents = YES;
				INFOPLIST_KEY_UILaunchScreen_Generation = YES;
				INFOPLIST_KEY_UISupportedInterfaceOrientations_iPad = "UIInterfaceOrientationPortrait UIInterfaceOrientationPortraitUpsideDown UIInterfaceOrientationLandscapeLeft UIInterfaceOrientationLandscapeRight";
				INFOPLIST_KEY_UISupportedInterfaceOrientations_iPhone = "UIInterfaceOrientationPortrait UIInterfaceOrientationLandscapeLeft UIInterfaceOrientationLandscapeRight";
				IPHONEOS_DEPLOYMENT_TARGET = 15.2;
				LD_RUNPATH_SEARCH_PATHS = (
					"$(inherited)",
					"@executable_path/Frameworks",
				);
				MARKETING_VERSION = 1.0;
				PRODUCT_BUNDLE_IDENTIFIER = "hi-raoul.FirstRepo";
				PRODUCT_NAME = FirstRepo;
				SDKROOT = iphoneos;
				SWIFT_EMIT_LOC_STRINGS = YES;
				SWIFT_VERSION = 5.0;
				TARGETED_DEVICE_FAMILY = "1,2";
			};
			name = Debug;
		};
		50D54F5427A217940001FB82 /* Release */ = {
			isa = XCBuildConfiguration;
			buildSettings = {
				ASSETCATALOG_COMPILER_APPICON_NAME = AppIcon;
				ASSETCATALOG_COMPILER_GLOBAL_ACCENT_COLOR_NAME = AccentColor;
				CODE_SIGN_STYLE = Automatic;
				CURRENT_PROJECT_VERSION = 1;
				DEVELOPMENT_TEAM = MCVQ5TY7KR;
				ENABLE_PREVIEWS = YES;
				GENERATE_INFOPLIST_FILE = YES;
				INFOPLIST_KEY_UIApplicationSceneManifest_Generation = YES;
				INFOPLIST_KEY_UIApplicationSupportsIndirectInputEvents = YES;
				INFOPLIST_KEY_UILaunchScreen_Generation = YES;
				INFOPLIST_KEY_UISupportedInterfaceOrientations_iPad = "UIInterfaceOrientationPortrait UIInterfaceOrientationPortraitUpsideDown UIInterfaceOrientationLandscapeLeft UIInterfaceOrientationLandscapeRight";
				INFOPLIST_KEY_UISupportedInterfaceOrientations_iPhone = "UIInterfaceOrientationPortrait UIInterfaceOrientationLandscapeLeft UIInterfaceOrientationLandscapeRight";
				IPHONEOS_DEPLOYMENT_TARGET = 15.2;
				LD_RUNPATH_SEARCH_PATHS = (
					"$(inherited)",
					"@executable_path/Frameworks",
				);
				MARKETING_VERSION = 1.0;
				PRODUCT_BUNDLE_IDENTIFIER = "hi-raoul.FirstRepo";
				PRODUCT_NAME = FirstRepo;
				SDKROOT = iphoneos;
				SWIFT_EMIT_LOC_STRINGS = YES;
				SWIFT_VERSION = 5.0;
				TARGETED_DEVICE_FAMILY = "1,2";
				VALIDATE_PRODUCT = YES;
			};
			name = Release;
		};
		50D54F5627A217940001FB82 /* Debug */ = {
			isa = XCBuildConfiguration;
			buildSettings = {
				ASSETCATALOG_COMPILER_APPICON_NAME = AppIcon;
				ASSETCATALOG_COMPILER_GLOBAL_ACCENT_COLOR_NAME = AccentColor;
				CODE_SIGN_ENTITLEMENTS = macOS/macOS.entitlements;
				CODE_SIGN_STYLE = Automatic;
				COMBINE_HIDPI_IMAGES = YES;
				CURRENT_PROJECT_VERSION = 1;
				DEVELOPMENT_TEAM = MCVQ5TY7KR;
				ENABLE_HARDENED_RUNTIME = YES;
				ENABLE_PREVIEWS = YES;
				GENERATE_INFOPLIST_FILE = YES;
				INFOPLIST_KEY_NSHumanReadableCopyright = "";
				LD_RUNPATH_SEARCH_PATHS = (
					"$(inherited)",
					"@executable_path/../Frameworks",
				);
				MACOSX_DEPLOYMENT_TARGET = 12.1;
				MARKETING_VERSION = 1.0;
				PRODUCT_BUNDLE_IDENTIFIER = "hi-raoul.FirstRepo";
				PRODUCT_NAME = FirstRepo;
				SDKROOT = macosx;
				SWIFT_EMIT_LOC_STRINGS = YES;
				SWIFT_VERSION = 5.0;
			};
			name = Debug;
		};
		50D54F5727A217940001FB82 /* Release */ = {
			isa = XCBuildConfiguration;
			buildSettings = {
				ASSETCATALOG_COMPILER_APPICON_NAME = AppIcon;
				ASSETCATALOG_COMPILER_GLOBAL_ACCENT_COLOR_NAME = AccentColor;
				CODE_SIGN_ENTITLEMENTS = macOS/macOS.entitlements;
				CODE_SIGN_STYLE = Automatic;
				COMBINE_HIDPI_IMAGES = YES;
				CURRENT_PROJECT_VERSION = 1;
				DEVELOPMENT_TEAM = MCVQ5TY7KR;
				ENABLE_HARDENED_RUNTIME = YES;
				ENABLE_PREVIEWS = YES;
				GENERATE_INFOPLIST_FILE = YES;
				INFOPLIST_KEY_NSHumanReadableCopyright = "";
				LD_RUNPATH_SEARCH_PATHS = (
					"$(inherited)",
					"@executable_path/../Frameworks",
				);
				MACOSX_DEPLOYMENT_TARGET = 12.1;
				MARKETING_VERSION = 1.0;
				PRODUCT_BUNDLE_IDENTIFIER = "hi-raoul.FirstRepo";
				PRODUCT_NAME = FirstRepo;
				SDKROOT = macosx;
				SWIFT_EMIT_LOC_STRINGS = YES;
				SWIFT_VERSION = 5.0;
			};
			name = Release;
		};
		50D54F5927A217940001FB82 /* Debug */ = {
			isa = XCBuildConfiguration;
			buildSettings = {
				ALWAYS_EMBED_SWIFT_STANDARD_LIBRARIES = YES;
				CODE_SIGN_STYLE = Automatic;
				CURRENT_PROJECT_VERSION = 1;
				DEVELOPMENT_TEAM = MCVQ5TY7KR;
				GENERATE_INFOPLIST_FILE = YES;
				IPHONEOS_DEPLOYMENT_TARGET = 15.2;
				MARKETING_VERSION = 1.0;
				PRODUCT_BUNDLE_IDENTIFIER = "hi-raoul.Tests-iOS";
				PRODUCT_NAME = "$(TARGET_NAME)";
				SDKROOT = iphoneos;
				SWIFT_EMIT_LOC_STRINGS = NO;
				SWIFT_VERSION = 5.0;
				TARGETED_DEVICE_FAMILY = "1,2";
				TEST_TARGET_NAME = "FirstRepo (iOS)";
			};
			name = Debug;
		};
		50D54F5A27A217940001FB82 /* Release */ = {
			isa = XCBuildConfiguration;
			buildSettings = {
				ALWAYS_EMBED_SWIFT_STANDARD_LIBRARIES = YES;
				CODE_SIGN_STYLE = Automatic;
				CURRENT_PROJECT_VERSION = 1;
				DEVELOPMENT_TEAM = MCVQ5TY7KR;
				GENERATE_INFOPLIST_FILE = YES;
				IPHONEOS_DEPLOYMENT_TARGET = 15.2;
				MARKETING_VERSION = 1.0;
				PRODUCT_BUNDLE_IDENTIFIER = "hi-raoul.Tests-iOS";
				PRODUCT_NAME = "$(TARGET_NAME)";
				SDKROOT = iphoneos;
				SWIFT_EMIT_LOC_STRINGS = NO;
				SWIFT_VERSION = 5.0;
				TARGETED_DEVICE_FAMILY = "1,2";
				TEST_TARGET_NAME = "FirstRepo (iOS)";
				VALIDATE_PRODUCT = YES;
			};
			name = Release;
		};
		50D54F5C27A217940001FB82 /* Debug */ = {
			isa = XCBuildConfiguration;
			buildSettings = {
				ALWAYS_EMBED_SWIFT_STANDARD_LIBRARIES = YES;
				CODE_SIGN_STYLE = Automatic;
				CURRENT_PROJECT_VERSION = 1;
				DEVELOPMENT_TEAM = MCVQ5TY7KR;
				GENERATE_INFOPLIST_FILE = YES;
				MACOSX_DEPLOYMENT_TARGET = 12.1;
				MARKETING_VERSION = 1.0;
				PRODUCT_BUNDLE_IDENTIFIER = "hi-raoul.Tests-macOS";
				PRODUCT_NAME = "$(TARGET_NAME)";
				SDKROOT = macosx;
				SWIFT_EMIT_LOC_STRINGS = NO;
				SWIFT_VERSION = 5.0;
				TEST_TARGET_NAME = "FirstRepo (macOS)";
			};
			name = Debug;
		};
		50D54F5D27A217940001FB82 /* Release */ = {
			isa = XCBuildConfiguration;
			buildSettings = {
				ALWAYS_EMBED_SWIFT_STANDARD_LIBRARIES = YES;
				CODE_SIGN_STYLE = Automatic;
				CURRENT_PROJECT_VERSION = 1;
				DEVELOPMENT_TEAM = MCVQ5TY7KR;
				GENERATE_INFOPLIST_FILE = YES;
				MACOSX_DEPLOYMENT_TARGET = 12.1;
				MARKETING_VERSION = 1.0;
				PRODUCT_BUNDLE_IDENTIFIER = "hi-raoul.Tests-macOS";
				PRODUCT_NAME = "$(TARGET_NAME)";
				SDKROOT = macosx;
				SWIFT_EMIT_LOC_STRINGS = NO;
				SWIFT_VERSION = 5.0;
				TEST_TARGET_NAME = "FirstRepo (macOS)";
			};
			name = Release;
		};
/* End XCBuildConfiguration section */

/* Begin XCConfigurationList section */
		50D54F2027A217940001FB82 /* Build configuration list for PBXProject "FirstRepo" */ = {
			isa = XCConfigurationList;
			buildConfigurations = (
				50D54F5027A217940001FB82 /* Debug */,
				50D54F5127A217940001FB82 /* Release */,
			);
			defaultConfigurationIsVisible = 0;
			defaultConfigurationName = Release;
		};
		50D54F5227A217940001FB82 /* Build configuration list for PBXNativeTarget "FirstRepo (iOS)" */ = {
			isa = XCConfigurationList;
			buildConfigurations = (
				50D54F5327A217940001FB82 /* Debug */,
				50D54F5427A217940001FB82 /* Release */,
			);
			defaultConfigurationIsVisible = 0;
			defaultConfigurationName = Release;
		};
		50D54F5527A217940001FB82 /* Build configuration list for PBXNativeTarget "FirstRepo (macOS)" */ = {
			isa = XCConfigurationList;
			buildConfigurations = (
				50D54F5627A217940001FB82 /* Debug */,
				50D54F5727A217940001FB82 /* Release */,
			);
			defaultConfigurationIsVisible = 0;
			defaultConfigurationName = Release;
		};
		50D54F5827A217940001FB82 /* Build configuration list for PBXNativeTarget "Tests iOS" */ = {
			isa = XCConfigurationList;
			buildConfigurations = (
				50D54F5927A217940001FB82 /* Debug */,
				50D54F5A27A217940001FB82 /* Release */,
			);
			defaultConfigurationIsVisible = 0;
			defaultConfigurationName = Release;
		};
		50D54F5B27A217940001FB82 /* Build configuration list for PBXNativeTarget "Tests macOS" */ = {
			isa = XCConfigurationList;
			buildConfigurations = (
				50D54F5C27A217940001FB82 /* Debug */,
				50D54F5D27A217940001FB82 /* Release */,
			);
			defaultConfigurationIsVisible = 0;
			defaultConfigurationName = Release;
		};
/* End XCConfigurationList section */
	};
	rootObject = 50D54F1D27A217940001FB82 /* Project object */;
}
